
Microsoft Visual Studio Solution File, Format Version 12.00
# Visual Studio Version 17
VisualStudioVersion = 17.0.31717.71
MinimumVisualStudioVersion = 10.0.40219.1
Project("{E2B30F71-4984-433C-BD8C-5B96A7D9FB5A}") = "BlazorStateManagement.Server", "Server\BlazorStateManagement.Server.csproj", "{C3019278-EC9F-4EF5-B1BC-5274FA295FFF}"
EndProject
Project("{E2B30F71-4984-433C-BD8C-5B96A7D9FB5A}") = "BlazorStateManagement.Client", "Client\BlazorStateManagement.Client.csproj", "{8205C5E7-72F3-4ACF-9D77-8154CDB6256C}"
EndProject
Project("{E2B30F71-4984-433C-BD8C-5B96A7D9FB5A}") = "BlazorStateManagement.Shared", "Shared\BlazorStateManagement.Shared.csproj", "{4194E82C-9F76-4A31-8E64-42ED3A862AD7}"
EndProject
Global
	GlobalSection(SolutionConfigurationPlatforms) = preSolution
		Debug|Any CPU = Debug|Any CPU
		Release|Any CPU = Release|Any CPU
	EndGlobalSection
	GlobalSection(ProjectConfigurationPlatforms) = postSolution
		{C3019278-EC9F-4EF5-B1BC-5274FA295FFF}.Debug|Any CPU.ActiveCfg = Debug|Any CPU
		{C3019278-EC9F-4EF5-B1BC-5274FA295FFF}.Debug|Any CPU.Build.0 = Debug|Any CPU
		{C3019278-EC9F-4EF5-B1BC-5274FA295FFF}.Release|Any CPU.ActiveCfg = Release|Any CPU
		{C3019278-EC9F-4EF5-B1BC-5274FA295FFF}.Release|Any CPU.Build.0 = Release|Any CPU
		{8205C5E7-72F3-4ACF-9D77-8154CDB6256C}.Debug|Any CPU.ActiveCfg = Debug|Any CPU
		{8205C5E7-72F3-4ACF-9D77-8154CDB6256C}.Debug|Any CPU.Build.0 = Debug|Any CPU
		{8205C5E7-72F3-4ACF-9D77-8154CDB6256C}.Release|Any CPU.ActiveCfg = Release|Any CPU
		{8205C5E7-72F3-4ACF-9D77-8154CDB6256C}.Release|Any CPU.Build.0 = Release|Any CPU
		{4194E82C-9F76-4A31-8E64-42ED3A862AD7}.Debug|Any CPU.ActiveCfg = Debug|Any CPU
		{4194E82C-9F76-4A31-8E64-42ED3A862AD7}.Debug|Any CPU.Build.0 = Debug|Any CPU
		{4194E82C-9F76-4A31-8E64-42ED3A862AD7}.Release|Any CPU.ActiveCfg = Release|Any CPU
		{4194E82C-9F76-4A31-8E64-42ED3A862AD7}.Release|Any CPU.Build.0 = Release|Any CPU
	EndGlobalSection
	GlobalSection(SolutionProperties) = preSolution
		HideSolutionNode = FALSE
	EndGlobalSection
	GlobalSection(ExtensibilityGlobals) = postSolution
		SolutionGuid = {AFA06241-06E6-434E-B4C5-DEDC90D6F139}
	EndGlobalSection
EndGlobal