Microsoft Visual Studio Solution File, Format Version 12.00
# Visual Studio Version 17
VisualStudioVersion = 17.0.31717.71
MinimumVisualStudioVersion = 10.0.40219.1
Project("{9A19103F-16F7-4668-BE54-9A1E7A4F7556}") = "Server", "Server\Server.csproj", "{C3019278-EC9F-4EF5-B1BC-5274FA295FFF}"
EndProject
Project("{9A19103F-16F7-4668-BE54-9A1E7A4F7556}") = "Client", "Client\Client.csproj", "{8205C5E7-72F3-4ACF-9D77-8154CDB6256C}"
EndProject
Project("{9A19103F-16F7-4668-BE54-9A1E7A4F7556}") = "Shared", "Shared\Shared.csproj", "{4194E82C-9F76-4A31-8E64-42ED3A862AD7}"
EndProject
Project("{9A19103F-16F7-4668-BE54-9A1E7A4F7556}") = "ClientWithFluxor", "ClientWithFluxor\ClientWithFluxor.csproj", "{BBC97ADD-A422-49A2-9BB0-759B0212FC94}"
EndProject
Project("{FAE04EC0-301F-11D3-BF4B-00C04F79EFBC}") = "ClientWithVanillaFluxor", "ClientWithVanillaFluxor\ClientWithVanillaFluxor.csproj", "{FD88EB4A-5772-48FB-A3FC-B6338E7868C7}"
EndProject
Global
	GlobalSection(SolutionConfigurationPlatforms) = preSolution
		Debug|Any CPU = Debug|Any CPU
		Release|Any CPU = Release|Any CPU
	EndGlobalSection
	GlobalSection(ProjectConfigurationPlatforms) = postSolution
		{C3019278-EC9F-4EF5-B1BC-5274FA295FFF}.Debug|Any CPU.ActiveCfg = Debug|Any CPU
		{C3019278-EC9F-4EF5-B1BC-5274FA295FFF}.Debug|Any CPU.Build.0 = Debug|Any CPU
		{C3019278-EC9F-4EF5-B1BC-5274FA295FFF}.Release|Any CPU.ActiveCfg = Release|Any CPU
		{C3019278-EC9F-4EF5-B1BC-5274FA295FFF}.Release|Any CPU.Build.0 = Release|Any CPU
		{8205C5E7-72F3-4ACF-9D77-8154CDB6256C}.Debug|Any CPU.ActiveCfg = Debug|Any CPU
		{8205C5E7-72F3-4ACF-9D77-8154CDB6256C}.Debug|Any CPU.Build.0 = Debug|Any CPU
		{8205C5E7-72F3-4ACF-9D77-8154CDB6256C}.Release|Any CPU.ActiveCfg = Release|Any CPU
		{8205C5E7-72F3-4ACF-9D77-8154CDB6256C}.Release|Any CPU.Build.0 = Release|Any CPU
		{4194E82C-9F76-4A31-8E64-42ED3A862AD7}.Debug|Any CPU.ActiveCfg = Debug|Any CPU
		{4194E82C-9F76-4A31-8E64-42ED3A862AD7}.Debug|Any CPU.Build.0 = Debug|Any CPU
		{4194E82C-9F76-4A31-8E64-42ED3A862AD7}.Release|Any CPU.ActiveCfg = Release|Any CPU
		{4194E82C-9F76-4A31-8E64-42ED3A862AD7}.Release|Any CPU.Build.0 = Release|Any CPU
		{BBC97ADD-A422-49A2-9BB0-759B0212FC94}.Debug|Any CPU.ActiveCfg = Debug|Any CPU
		{BBC97ADD-A422-49A2-9BB0-759B0212FC94}.Debug|Any CPU.Build.0 = Debug|Any CPU
		{BBC97ADD-A422-49A2-9BB0-759B0212FC94}.Release|Any CPU.ActiveCfg = Release|Any CPU
		{BBC97ADD-A422-49A2-9BB0-759B0212FC94}.Release|Any CPU.Build.0 = Release|Any CPU
		{FD88EB4A-5772-48FB-A3FC-B6338E7868C7}.Debug|Any CPU.ActiveCfg = Debug|Any CPU
		{FD88EB4A-5772-48FB-A3FC-B6338E7868C7}.Debug|Any CPU.Build.0 = Debug|Any CPU
		{FD88EB4A-5772-48FB-A3FC-B6338E7868C7}.Release|Any CPU.ActiveCfg = Release|Any CPU
		{FD88EB4A-5772-48FB-A3FC-B6338E7868C7}.Release|Any CPU.Build.0 = Release|Any CPU
	EndGlobalSection
	GlobalSection(SolutionProperties) = preSolution
		HideSolutionNode = FALSE
	EndGlobalSection
	GlobalSection(ExtensibilityGlobals) = postSolution
		SolutionGuid = {AFA06241-06E6-434E-B4C5-DEDC90D6F139}
	EndGlobalSection
EndGlobal
